
Microsoft Visual Studio Solution File, Format Version 12.00
# Visual Studio Version 17
VisualStudioVersion = 17.1.32228.430
MinimumVisualStudioVersion = 10.0.40219.1
Project("{9A19103F-16F7-4668-BE54-9A1E7A4F7556}") = "ePrimjer.Web", "ePrimjer.Web\ePrimjer.Web.csproj", "{5F4FC8DF-BD72-4CAD-85D7-24016B21439C}"
EndProject
Project("{FAE04EC0-301F-11D3-BF4B-00C04F79EFBC}") = "ePrimjer.Core", "ePrimjer.Core\ePrimjer.Core.csproj", "{34E9A82F-BA4B-4461-A036-8FFDB0150A30}"
EndProject
Project("{FAE04EC0-301F-11D3-BF4B-00C04F79EFBC}") = "ePrimjer.Infrastracture", "ePrimjer.Infrastracture\ePrimjer.Infrastracture.csproj", "{0EB45B35-1376-4F40-9CA1-DF0F10683EF2}"
EndProject
Project("{FAE04EC0-301F-11D3-BF4B-00C04F79EFBC}") = "ePrimjer.Service", "ePrimjer.Service\ePrimjer.Service.csproj", "{6035108B-E3C9-4EF8-9E35-C51F121CC4C3}"
EndProject
Project("{FAE04EC0-301F-11D3-BF4B-00C04F79EFBC}") = "ePrimjer.Api", "ePrimjer.Api\ePrimjer.Api.csproj", "{6DDCEEBB-5A07-412C-918F-0DCB62A88D80}"
EndProject
Global
	GlobalSection(SolutionConfigurationPlatforms) = preSolution
		Debug|Any CPU = Debug|Any CPU
		Debug|ARM = Debug|ARM
		Debug|ARM64 = Debug|ARM64
		Debug|x64 = Debug|x64
		Debug|x86 = Debug|x86
		Release|Any CPU = Release|Any CPU
		Release|ARM = Release|ARM
		Release|ARM64 = Release|ARM64
		Release|x64 = Release|x64
		Release|x86 = Release|x86
	EndGlobalSection
	GlobalSection(ProjectConfigurationPlatforms) = postSolution
		{5F4FC8DF-BD72-4CAD-85D7-24016B21439C}.Debug|Any CPU.ActiveCfg = Debug|Any CPU
		{5F4FC8DF-BD72-4CAD-85D7-24016B21439C}.Debug|Any CPU.Build.0 = Debug|Any CPU
		{5F4FC8DF-BD72-4CAD-85D7-24016B21439C}.Debug|ARM.ActiveCfg = Debug|Any CPU
		{5F4FC8DF-BD72-4CAD-85D7-24016B21439C}.Debug|ARM.Build.0 = Debug|Any CPU
		{5F4FC8DF-BD72-4CAD-85D7-24016B21439C}.Debug|ARM64.ActiveCfg = Debug|Any CPU
		{5F4FC8DF-BD72-4CAD-85D7-24016B21439C}.Debug|ARM64.Build.0 = Debug|Any CPU
		{5F4FC8DF-BD72-4CAD-85D7-24016B21439C}.Debug|x64.ActiveCfg = Debug|Any CPU
		{5F4FC8DF-BD72-4CAD-85D7-24016B21439C}.Debug|x64.Build.0 = Debug|Any CPU
		{5F4FC8DF-BD72-4CAD-85D7-24016B21439C}.Debug|x86.ActiveCfg = Debug|Any CPU
		{5F4FC8DF-BD72-4CAD-85D7-24016B21439C}.Debug|x86.Build.0 = Debug|Any CPU
		{5F4FC8DF-BD72-4CAD-85D7-24016B21439C}.Release|Any CPU.ActiveCfg = Release|Any CPU
		{5F4FC8DF-BD72-4CAD-85D7-24016B21439C}.Release|Any CPU.Build.0 = Release|Any CPU
		{5F4FC8DF-BD72-4CAD-85D7-24016B21439C}.Release|ARM.ActiveCfg = Release|Any CPU
		{5F4FC8DF-BD72-4CAD-85D7-24016B21439C}.Release|ARM.Build.0 = Release|Any CPU
		{5F4FC8DF-BD72-4CAD-85D7-24016B21439C}.Release|ARM64.ActiveCfg = Release|Any CPU
		{5F4FC8DF-BD72-4CAD-85D7-24016B21439C}.Release|ARM64.Build.0 = Release|Any CPU
		{5F4FC8DF-BD72-4CAD-85D7-24016B21439C}.Release|x64.ActiveCfg = Release|Any CPU
		{5F4FC8DF-BD72-4CAD-85D7-24016B21439C}.Release|x64.Build.0 = Release|Any CPU
		{5F4FC8DF-BD72-4CAD-85D7-24016B21439C}.Release|x86.ActiveCfg = Release|Any CPU
		{5F4FC8DF-BD72-4CAD-85D7-24016B21439C}.Release|x86.Build.0 = Release|Any CPU
		{34E9A82F-BA4B-4461-A036-8FFDB0150A30}.Debug|Any CPU.ActiveCfg = Debug|Any CPU
		{34E9A82F-BA4B-4461-A036-8FFDB0150A30}.Debug|Any CPU.Build.0 = Debug|Any CPU
		{34E9A82F-BA4B-4461-A036-8FFDB0150A30}.Debug|ARM.ActiveCfg = Debug|Any CPU
		{34E9A82F-BA4B-4461-A036-8FFDB0150A30}.Debug|ARM.Build.0 = Debug|Any CPU
		{34E9A82F-BA4B-4461-A036-8FFDB0150A30}.Debug|ARM64.ActiveCfg = Debug|Any CPU
		{34E9A82F-BA4B-4461-A036-8FFDB0150A30}.Debug|ARM64.Build.0 = Debug|Any CPU
		{34E9A82F-BA4B-4461-A036-8FFDB0150A30}.Debug|x64.ActiveCfg = Debug|Any CPU
		{34E9A82F-BA4B-4461-A036-8FFDB0150A30}.Debug|x64.Build.0 = Debug|Any CPU
		{34E9A82F-BA4B-4461-A036-8FFDB0150A30}.Debug|x86.ActiveCfg = Debug|Any CPU
		{34E9A82F-BA4B-4461-A036-8FFDB0150A30}.Debug|x86.Build.0 = Debug|Any CPU
		{34E9A82F-BA4B-4461-A036-8FFDB0150A30}.Release|Any CPU.ActiveCfg = Release|Any CPU
		{34E9A82F-BA4B-4461-A036-8FFDB0150A30}.Release|Any CPU.Build.0 = Release|Any CPU
		{34E9A82F-BA4B-4461-A036-8FFDB0150A30}.Release|ARM.ActiveCfg = Release|Any CPU
		{34E9A82F-BA4B-4461-A036-8FFDB0150A30}.Release|ARM.Build.0 = Release|Any CPU
		{34E9A82F-BA4B-4461-A036-8FFDB0150A30}.Release|ARM64.ActiveCfg = Release|Any CPU
		{34E9A82F-BA4B-4461-A036-8FFDB0150A30}.Release|ARM64.Build.0 = Release|Any CPU
		{34E9A82F-BA4B-4461-A036-8FFDB0150A30}.Release|x64.ActiveCfg = Release|Any CPU
		{34E9A82F-BA4B-4461-A036-8FFDB0150A30}.Release|x64.Build.0 = Release|Any CPU
		{34E9A82F-BA4B-4461-A036-8FFDB0150A30}.Release|x86.ActiveCfg = Release|Any CPU
		{34E9A82F-BA4B-4461-A036-8FFDB0150A30}.Release|x86.Build.0 = Release|Any CPU
		{0EB45B35-1376-4F40-9CA1-DF0F10683EF2}.Debug|Any CPU.ActiveCfg = Debug|Any CPU
		{0EB45B35-1376-4F40-9CA1-DF0F10683EF2}.Debug|Any CPU.Build.0 = Debug|Any CPU
		{0EB45B35-1376-4F40-9CA1-DF0F10683EF2}.Debug|ARM.ActiveCfg = Debug|Any CPU
		{0EB45B35-1376-4F40-9CA1-DF0F10683EF2}.Debug|ARM.Build.0 = Debug|Any CPU
		{0EB45B35-1376-4F40-9CA1-DF0F10683EF2}.Debug|ARM64.ActiveCfg = Debug|Any CPU
		{0EB45B35-1376-4F40-9CA1-DF0F10683EF2}.Debug|ARM64.Build.0 = Debug|Any CPU
		{0EB45B35-1376-4F40-9CA1-DF0F10683EF2}.Debug|x64.ActiveCfg = Debug|Any CPU
		{0EB45B35-1376-4F40-9CA1-DF0F10683EF2}.Debug|x64.Build.0 = Debug|Any CPU
		{0EB45B35-1376-4F40-9CA1-DF0F10683EF2}.Debug|x86.ActiveCfg = Debug|Any CPU
		{0EB45B35-1376-4F40-9CA1-DF0F10683EF2}.Debug|x86.Build.0 = Debug|Any CPU
		{0EB45B35-1376-4F40-9CA1-DF0F10683EF2}.Release|Any CPU.ActiveCfg = Release|Any CPU
		{0EB45B35-1376-4F40-9CA1-DF0F10683EF2}.Release|Any CPU.Build.0 = Release|Any CPU
		{0EB45B35-1376-4F40-9CA1-DF0F10683EF2}.Release|ARM.ActiveCfg = Release|Any CPU
		{0EB45B35-1376-4F40-9CA1-DF0F10683EF2}.Release|ARM.Build.0 = Release|Any CPU
		{0EB45B35-1376-4F40-9CA1-DF0F10683EF2}.Release|ARM64.ActiveCfg = Release|Any CPU
		{0EB45B35-1376-4F40-9CA1-DF0F10683EF2}.Release|ARM64.Build.0 = Release|Any CPU
		{0EB45B35-1376-4F40-9CA1-DF0F10683EF2}.Release|x64.ActiveCfg = Release|Any CPU
		{0EB45B35-1376-4F40-9CA1-DF0F10683EF2}.Release|x64.Build.0 = Release|Any CPU
		{0EB45B35-1376-4F40-9CA1-DF0F10683EF2}.Release|x86.ActiveCfg = Release|Any CPU
		{0EB45B35-1376-4F40-9CA1-DF0F10683EF2}.Release|x86.Build.0 = Release|Any CPU
		{6035108B-E3C9-4EF8-9E35-C51F121CC4C3}.Debug|Any CPU.ActiveCfg = Debug|Any CPU
		{6035108B-E3C9-4EF8-9E35-C51F121CC4C3}.Debug|Any CPU.Build.0 = Debug|Any CPU
		{6035108B-E3C9-4EF8-9E35-C51F121CC4C3}.Debug|ARM.ActiveCfg = Debug|Any CPU
		{6035108B-E3C9-4EF8-9E35-C51F121CC4C3}.Debug|ARM.Build.0 = Debug|Any CPU
		{6035108B-E3C9-4EF8-9E35-C51F121CC4C3}.Debug|ARM64.ActiveCfg = Debug|Any CPU
		{6035108B-E3C9-4EF8-9E35-C51F121CC4C3}.Debug|ARM64.Build.0 = Debug|Any CPU
		{6035108B-E3C9-4EF8-9E35-C51F121CC4C3}.Debug|x64.ActiveCfg = Debug|Any CPU
		{6035108B-E3C9-4EF8-9E35-C51F121CC4C3}.Debug|x64.Build.0 = Debug|Any CPU
		{6035108B-E3C9-4EF8-9E35-C51F121CC4C3}.Debug|x86.ActiveCfg = Debug|Any CPU
		{6035108B-E3C9-4EF8-9E35-C51F121CC4C3}.Debug|x86.Build.0 = Debug|Any CPU
		{6035108B-E3C9-4EF8-9E35-C51F121CC4C3}.Release|Any CPU.ActiveCfg = Release|Any CPU
		{6035108B-E3C9-4EF8-9E35-C51F121CC4C3}.Release|Any CPU.Build.0 = Release|Any CPU
		{6035108B-E3C9-4EF8-9E35-C51F121CC4C3}.Release|ARM.ActiveCfg = Release|Any CPU
		{6035108B-E3C9-4EF8-9E35-C51F121CC4C3}.Release|ARM.Build.0 = Release|Any CPU
		{6035108B-E3C9-4EF8-9E35-C51F121CC4C3}.Release|ARM64.ActiveCfg = Release|Any CPU
		{6035108B-E3C9-4EF8-9E35-C51F121CC4C3}.Release|ARM64.Build.0 = Release|Any CPU
		{6035108B-E3C9-4EF8-9E35-C51F121CC4C3}.Release|x64.ActiveCfg = Release|Any CPU
		{6035108B-E3C9-4EF8-9E35-C51F121CC4C3}.Release|x64.Build.0 = Release|Any CPU
		{6035108B-E3C9-4EF8-9E35-C51F121CC4C3}.Release|x86.ActiveCfg = Release|Any CPU
		{6035108B-E3C9-4EF8-9E35-C51F121CC4C3}.Release|x86.Build.0 = Release|Any CPU
		{6DDCEEBB-5A07-412C-918F-0DCB62A88D80}.Debug|Any CPU.ActiveCfg = Debug|Any CPU
		{6DDCEEBB-5A07-412C-918F-0DCB62A88D80}.Debug|Any CPU.Build.0 = Debug|Any CPU
		{6DDCEEBB-5A07-412C-918F-0DCB62A88D80}.Debug|ARM.ActiveCfg = Debug|Any CPU
		{6DDCEEBB-5A07-412C-918F-0DCB62A88D80}.Debug|ARM.Build.0 = Debug|Any CPU
		{6DDCEEBB-5A07-412C-918F-0DCB62A88D80}.Debug|ARM64.ActiveCfg = Debug|Any CPU
		{6DDCEEBB-5A07-412C-918F-0DCB62A88D80}.Debug|ARM64.Build.0 = Debug|Any CPU
		{6DDCEEBB-5A07-412C-918F-0DCB62A88D80}.Debug|x64.ActiveCfg = Debug|Any CPU
		{6DDCEEBB-5A07-412C-918F-0DCB62A88D80}.Debug|x64.Build.0 = Debug|Any CPU
		{6DDCEEBB-5A07-412C-918F-0DCB62A88D80}.Debug|x86.ActiveCfg = Debug|Any CPU
		{6DDCEEBB-5A07-412C-918F-0DCB62A88D80}.Debug|x86.Build.0 = Debug|Any CPU
		{6DDCEEBB-5A07-412C-918F-0DCB62A88D80}.Release|Any CPU.ActiveCfg = Release|Any CPU
		{6DDCEEBB-5A07-412C-918F-0DCB62A88D80}.Release|Any CPU.Build.0 = Release|Any CPU
		{6DDCEEBB-5A07-412C-918F-0DCB62A88D80}.Release|ARM.ActiveCfg = Release|Any CPU
		{6DDCEEBB-5A07-412C-918F-0DCB62A88D80}.Release|ARM.Build.0 = Release|Any CPU
		{6DDCEEBB-5A07-412C-918F-0DCB62A88D80}.Release|ARM64.ActiveCfg = Release|Any CPU
		{6DDCEEBB-5A07-412C-918F-0DCB62A88D80}.Release|ARM64.Build.0 = Release|Any CPU
		{6DDCEEBB-5A07-412C-918F-0DCB62A88D80}.Release|x64.ActiveCfg = Release|Any CPU
		{6DDCEEBB-5A07-412C-918F-0DCB62A88D80}.Release|x64.Build.0 = Release|Any CPU
		{6DDCEEBB-5A07-412C-918F-0DCB62A88D80}.Release|x86.ActiveCfg = Release|Any CPU
		{6DDCEEBB-5A07-412C-918F-0DCB62A88D80}.Release|x86.Build.0 = Release|Any CPU
	EndGlobalSection
	GlobalSection(SolutionProperties) = preSolution
		HideSolutionNode = FALSE
	EndGlobalSection
	GlobalSection(ExtensibilityGlobals) = postSolution
		SolutionGuid = {4013E601-841A-4C58-8309-B4763C867A2F}
	EndGlobalSection
EndGlobal
